
Microsoft Visual Studio Solution File, Format Version 12.00
# Visual Studio 2015
Project("{FAE04EC0-301F-11D3-BF4B-00C04F79EFBC}") = "DragonsDen.CSharp", "DragonsDen.CSharp.csproj", "{EF4E6D60-DEF0-D7A8-C142-22DA0D1F5307}"
EndProject
Project("{FAE04EC0-301F-11D3-BF4B-00C04F79EFBC}") = "DragonsDen.CSharp.Editor", "DragonsDen.CSharp.Editor.csproj", "{7DDF8BD6-D23B-CA0A-C9E5-0B365AA0DD1D}"
EndProject
Global
	GlobalSection(SolutionConfigurationPlatforms) = preSolution
		Debug|Any CPU = Debug|Any CPU
		Release|Any CPU = Release|Any CPU
	EndGlobalSection
	GlobalSection(ProjectConfigurationPlatforms) = postSolution
		{EF4E6D60-DEF0-D7A8-C142-22DA0D1F5307}.Debug|Any CPU.ActiveCfg = Debug|Any CPU
		{EF4E6D60-DEF0-D7A8-C142-22DA0D1F5307}.Debug|Any CPU.Build.0 = Debug|Any CPU
		{EF4E6D60-DEF0-D7A8-C142-22DA0D1F5307}.Release|Any CPU.ActiveCfg = Release|Any CPU
		{EF4E6D60-DEF0-D7A8-C142-22DA0D1F5307}.Release|Any CPU.Build.0 = Release|Any CPU
		{7DDF8BD6-D23B-CA0A-C9E5-0B365AA0DD1D}.Debug|Any CPU.ActiveCfg = Debug|Any CPU
		{7DDF8BD6-D23B-CA0A-C9E5-0B365AA0DD1D}.Debug|Any CPU.Build.0 = Debug|Any CPU
		{7DDF8BD6-D23B-CA0A-C9E5-0B365AA0DD1D}.Release|Any CPU.ActiveCfg = Release|Any CPU
		{7DDF8BD6-D23B-CA0A-C9E5-0B365AA0DD1D}.Release|Any CPU.Build.0 = Release|Any CPU
	EndGlobalSection
	GlobalSection(SolutionProperties) = preSolution
		HideSolutionNode = FALSE
	EndGlobalSection
EndGlobal
