Microsoft Visual Studio Solution File, Format Version 11.00
# Visual Studio 2008

Project("{46E72A65-EE69-1D92-30E0-92DFD5750902}") = "DragonsDen", "Assembly-CSharp.csproj", "{3EA6BE35-B153-E4DA-E844-5723F6999F5A}"
EndProject
Project("{46E72A65-EE69-1D92-30E0-92DFD5750902}") = "DragonsDen", "Assembly-CSharp-Editor.csproj", "{BEE36CBF-AA73-02B2-1EFD-C3DB3C43A0D7}"
EndProject
Global
	GlobalSection(SolutionConfigurationPlatforms) = preSolution
		Debug|Any CPU = Debug|Any CPU
		Release|Any CPU = Release|Any CPU
	EndGlobalSection
	GlobalSection(ProjectConfigurationPlatforms) = postSolution
		{3EA6BE35-B153-E4DA-E844-5723F6999F5A}.Debug|Any CPU.ActiveCfg = Debug|Any CPU
		{3EA6BE35-B153-E4DA-E844-5723F6999F5A}.Debug|Any CPU.Build.0 = Debug|Any CPU
		{3EA6BE35-B153-E4DA-E844-5723F6999F5A}.Release|Any CPU.ActiveCfg = Release|Any CPU
		{3EA6BE35-B153-E4DA-E844-5723F6999F5A}.Release|Any CPU.Build.0 = Release|Any CPU
		{BEE36CBF-AA73-02B2-1EFD-C3DB3C43A0D7}.Debug|Any CPU.ActiveCfg = Debug|Any CPU
		{BEE36CBF-AA73-02B2-1EFD-C3DB3C43A0D7}.Debug|Any CPU.Build.0 = Debug|Any CPU
		{BEE36CBF-AA73-02B2-1EFD-C3DB3C43A0D7}.Release|Any CPU.ActiveCfg = Release|Any CPU
		{BEE36CBF-AA73-02B2-1EFD-C3DB3C43A0D7}.Release|Any CPU.Build.0 = Release|Any CPU
	EndGlobalSection
	GlobalSection(SolutionProperties) = preSolution
		HideSolutionNode = FALSE
	EndGlobalSection
	GlobalSection(MonoDevelopProperties) = preSolution
		StartupItem = Assembly-CSharp.csproj
	EndGlobalSection
EndGlobal
